{
  "requires": true,
  "lockfileVersion": 1,
  "dependencies": {
    "js-cookie": {
      "version": "2.2.1",
      "resolved": "https://registry.npmjs.org/js-cookie/-/js-cookie-2.2.1.tgz",
      "integrity": "sha512-HvdH2LzI/EAZcUwA8+0nKNtWHqS+ZmijLA30RwZA0bo7ToCckjK5MkGhjED9KoRcXO6BaGI3I9UIzSA1FKFPOQ=="
    },
    "react-icons": {
      "version": "4.2.0",
      "resolved": "https://registry.npmjs.org/react-icons/-/react-icons-4.2.0.tgz",
      "integrity": "sha512-rmzEDFt+AVXRzD7zDE21gcxyBizD/3NqjbX6cmViAgdqfJ2UiLer8927/QhhrXQV7dEj/1EGuOTPp7JnLYVJKQ=="
    },
    "toastify-js": {
      "version": "1.11.1",
      "resolved": "https://registry.npmjs.org/toastify-js/-/toastify-js-1.11.1.tgz",
      "integrity": "sha512-O1UR06KEhFY9Vu2iKltgOE62+Vq/5iU7AOktouFkEegEisrqtNhEri9RpSd6u6wyPsd4Ae9RT1io3uwkMAlLVQ=="
    }
  }
}
